
Microsoft Visual Studio Solution File, Format Version 11.00
# Visual Web Developer Express 2010
Project("{FAE04EC0-301F-11D3-BF4B-00C04F79EFBC}") = "ConfigureAuthenticationDemo1", "ConfigureAuthenticationDemo1\ConfigureAuthenticationDemo1.csproj", "{FCCE815E-231C-41CF-8CC6-24F87F5155B0}"
EndProject
Global
	GlobalSection(SolutionConfigurationPlatforms) = preSolution
		Debug|Any CPU = Debug|Any CPU
		Release|Any CPU = Release|Any CPU
	EndGlobalSection
	GlobalSection(ProjectConfigurationPlatforms) = postSolution
		{FCCE815E-231C-41CF-8CC6-24F87F5155B0}.Debug|Any CPU.ActiveCfg = Debug|Any CPU
		{FCCE815E-231C-41CF-8CC6-24F87F5155B0}.Debug|Any CPU.Build.0 = Debug|Any CPU
		{FCCE815E-231C-41CF-8CC6-24F87F5155B0}.Release|Any CPU.ActiveCfg = Release|Any CPU
		{FCCE815E-231C-41CF-8CC6-24F87F5155B0}.Release|Any CPU.Build.0 = Release|Any CPU
	EndGlobalSection
	GlobalSection(SolutionProperties) = preSolution
		HideSolutionNode = FALSE
	EndGlobalSection
EndGlobal
